
Microsoft Visual Studio Solution File, Format Version 12.00
# Visual Studio Version 17
VisualStudioVersion = 17.2.32630.192
MinimumVisualStudioVersion = 10.0.40219.1
Project("{888888A0-9F3D-457C-B088-3A5042F75D52}") = "pysln", "pysln.pyproj", "{893C2307-30B3-42D5-A062-AC7511C10196}"
EndProject
Global
	GlobalSection(SolutionConfigurationPlatforms) = preSolution
		Debug|Any CPU = Debug|Any CPU
		Release|Any CPU = Release|Any CPU
	EndGlobalSection
	GlobalSection(ProjectConfigurationPlatforms) = postSolution
		{893C2307-30B3-42D5-A062-AC7511C10196}.Debug|Any CPU.ActiveCfg = Debug|Any CPU
		{893C2307-30B3-42D5-A062-AC7511C10196}.Release|Any CPU.ActiveCfg = Release|Any CPU
	EndGlobalSection
	GlobalSection(SolutionProperties) = preSolution
		HideSolutionNode = FALSE
	EndGlobalSection
	GlobalSection(ExtensibilityGlobals) = postSolution
		SolutionGuid = {BEF62D56-BF7B-45C2-B3E9-1A89F2DEC93F}
	EndGlobalSection
EndGlobal
